
Microsoft Visual Studio Solution File, Format Version 12.00
# Visual Studio Version 17
VisualStudioVersion = 17.5.33516.290
MinimumVisualStudioVersion = 10.0.40219.1
Project("{2150E333-8FDC-42A3-9474-1A3956D46DE8}") = "Services", "Services", "{CA714059-AF8E-4409-8178-556273BEDA73}"
EndProject
Project("{2150E333-8FDC-42A3-9474-1A3956D46DE8}") = "Catalog", "Catalog", "{490AAE71-5ADA-4CC5-B545-DDAA226B7183}"
EndProject
Project("{9A19103F-16F7-4668-BE54-9A1E7A4F7556}") = "Catalog.API", "src\Services\Catalog\Catalog.API\Catalog.API.csproj", "{C09D8240-F9FC-44DE-9CFA-E047D6EF336D}"
EndProject
Project("{E53339B2-1760-4266-BCC7-CA923CBCF16C}") = "docker-compose", "docker-compose.dcproj", "{32C45025-7DD7-473D-B30E-4A29FDF734A6}"
EndProject
Project("{2150E333-8FDC-42A3-9474-1A3956D46DE8}") = "Basket", "Basket", "{CE3AAD04-58C0-40FA-874D-E7A38450F7F5}"
EndProject
Project("{9A19103F-16F7-4668-BE54-9A1E7A4F7556}") = "Basket.API", "src\Services\Basket\Basket.API\Basket.API.csproj", "{B6F58430-C7DB-4291-A216-7EEC3F52AEEA}"
EndProject
Project("{2150E333-8FDC-42A3-9474-1A3956D46DE8}") = "Discount", "Discount", "{BD74A42A-8884-4AEE-B469-D4A56FFFB959}"
EndProject
Project("{9A19103F-16F7-4668-BE54-9A1E7A4F7556}") = "Discount.API", "src\Services\Discount\Discount.API\Discount.API.csproj", "{74FB36C7-90B1-45AB-94F3-28D95E34A832}"
EndProject
Project("{9A19103F-16F7-4668-BE54-9A1E7A4F7556}") = "Discount.Grpc", "src\Services\Discount\Discount.Grpc\Discount.Grpc.csproj", "{AC98AD56-FA9A-4E6B-8A45-DFB1683F31E4}"
EndProject
Project("{2150E333-8FDC-42A3-9474-1A3956D46DE8}") = "Ordering", "Ordering", "{8B0F0047-747F-4573-96F2-97103B13909E}"
EndProject
Project("{FAE04EC0-301F-11D3-BF4B-00C04F79EFBC}") = "Ordering.API", "src\Services\Ordering\Ordering.API\Ordering.API.csproj", "{753E5901-A628-45A6-9667-036D93515B58}"
EndProject
Project("{FAE04EC0-301F-11D3-BF4B-00C04F79EFBC}") = "Ordering.Domain", "src\Services\Ordering\Ordering.Domain\Ordering.Domain.csproj", "{E98BAB5C-CB87-44DF-A7C6-66563E70F07D}"
EndProject
Project("{FAE04EC0-301F-11D3-BF4B-00C04F79EFBC}") = "Ordering.Application", "src\Services\Ordering\Ordering.Application\Ordering.Application.csproj", "{C636C814-0D69-421A-9CBF-A5C8D624E0DB}"
EndProject
Project("{FAE04EC0-301F-11D3-BF4B-00C04F79EFBC}") = "Ordering.Infrastructure", "src\Services\Ordering\Ordering.Infrastructure\Ordering.Infrastructure.csproj", "{66433559-42AE-4510-9739-30C507610E9D}"
EndProject
Global
	GlobalSection(SolutionConfigurationPlatforms) = preSolution
		Debug|Any CPU = Debug|Any CPU
		Release|Any CPU = Release|Any CPU
	EndGlobalSection
	GlobalSection(ProjectConfigurationPlatforms) = postSolution
		{C09D8240-F9FC-44DE-9CFA-E047D6EF336D}.Debug|Any CPU.ActiveCfg = Debug|Any CPU
		{C09D8240-F9FC-44DE-9CFA-E047D6EF336D}.Debug|Any CPU.Build.0 = Debug|Any CPU
		{C09D8240-F9FC-44DE-9CFA-E047D6EF336D}.Release|Any CPU.ActiveCfg = Release|Any CPU
		{C09D8240-F9FC-44DE-9CFA-E047D6EF336D}.Release|Any CPU.Build.0 = Release|Any CPU
		{32C45025-7DD7-473D-B30E-4A29FDF734A6}.Debug|Any CPU.ActiveCfg = Debug|Any CPU
		{32C45025-7DD7-473D-B30E-4A29FDF734A6}.Debug|Any CPU.Build.0 = Debug|Any CPU
		{32C45025-7DD7-473D-B30E-4A29FDF734A6}.Release|Any CPU.ActiveCfg = Release|Any CPU
		{32C45025-7DD7-473D-B30E-4A29FDF734A6}.Release|Any CPU.Build.0 = Release|Any CPU
		{B6F58430-C7DB-4291-A216-7EEC3F52AEEA}.Debug|Any CPU.ActiveCfg = Debug|Any CPU
		{B6F58430-C7DB-4291-A216-7EEC3F52AEEA}.Debug|Any CPU.Build.0 = Debug|Any CPU
		{B6F58430-C7DB-4291-A216-7EEC3F52AEEA}.Release|Any CPU.ActiveCfg = Release|Any CPU
		{B6F58430-C7DB-4291-A216-7EEC3F52AEEA}.Release|Any CPU.Build.0 = Release|Any CPU
		{74FB36C7-90B1-45AB-94F3-28D95E34A832}.Debug|Any CPU.ActiveCfg = Debug|Any CPU
		{74FB36C7-90B1-45AB-94F3-28D95E34A832}.Debug|Any CPU.Build.0 = Debug|Any CPU
		{74FB36C7-90B1-45AB-94F3-28D95E34A832}.Release|Any CPU.ActiveCfg = Release|Any CPU
		{74FB36C7-90B1-45AB-94F3-28D95E34A832}.Release|Any CPU.Build.0 = Release|Any CPU
		{AC98AD56-FA9A-4E6B-8A45-DFB1683F31E4}.Debug|Any CPU.ActiveCfg = Debug|Any CPU
		{AC98AD56-FA9A-4E6B-8A45-DFB1683F31E4}.Debug|Any CPU.Build.0 = Debug|Any CPU
		{AC98AD56-FA9A-4E6B-8A45-DFB1683F31E4}.Release|Any CPU.ActiveCfg = Release|Any CPU
		{AC98AD56-FA9A-4E6B-8A45-DFB1683F31E4}.Release|Any CPU.Build.0 = Release|Any CPU
		{753E5901-A628-45A6-9667-036D93515B58}.Debug|Any CPU.ActiveCfg = Debug|Any CPU
		{753E5901-A628-45A6-9667-036D93515B58}.Debug|Any CPU.Build.0 = Debug|Any CPU
		{753E5901-A628-45A6-9667-036D93515B58}.Release|Any CPU.ActiveCfg = Release|Any CPU
		{753E5901-A628-45A6-9667-036D93515B58}.Release|Any CPU.Build.0 = Release|Any CPU
		{E98BAB5C-CB87-44DF-A7C6-66563E70F07D}.Debug|Any CPU.ActiveCfg = Debug|Any CPU
		{E98BAB5C-CB87-44DF-A7C6-66563E70F07D}.Debug|Any CPU.Build.0 = Debug|Any CPU
		{E98BAB5C-CB87-44DF-A7C6-66563E70F07D}.Release|Any CPU.ActiveCfg = Release|Any CPU
		{E98BAB5C-CB87-44DF-A7C6-66563E70F07D}.Release|Any CPU.Build.0 = Release|Any CPU
		{C636C814-0D69-421A-9CBF-A5C8D624E0DB}.Debug|Any CPU.ActiveCfg = Debug|Any CPU
		{C636C814-0D69-421A-9CBF-A5C8D624E0DB}.Debug|Any CPU.Build.0 = Debug|Any CPU
		{C636C814-0D69-421A-9CBF-A5C8D624E0DB}.Release|Any CPU.ActiveCfg = Release|Any CPU
		{C636C814-0D69-421A-9CBF-A5C8D624E0DB}.Release|Any CPU.Build.0 = Release|Any CPU
		{66433559-42AE-4510-9739-30C507610E9D}.Debug|Any CPU.ActiveCfg = Debug|Any CPU
		{66433559-42AE-4510-9739-30C507610E9D}.Debug|Any CPU.Build.0 = Debug|Any CPU
		{66433559-42AE-4510-9739-30C507610E9D}.Release|Any CPU.ActiveCfg = Release|Any CPU
		{66433559-42AE-4510-9739-30C507610E9D}.Release|Any CPU.Build.0 = Release|Any CPU
	EndGlobalSection
	GlobalSection(SolutionProperties) = preSolution
		HideSolutionNode = FALSE
	EndGlobalSection
	GlobalSection(NestedProjects) = preSolution
		{490AAE71-5ADA-4CC5-B545-DDAA226B7183} = {CA714059-AF8E-4409-8178-556273BEDA73}
		{C09D8240-F9FC-44DE-9CFA-E047D6EF336D} = {490AAE71-5ADA-4CC5-B545-DDAA226B7183}
		{CE3AAD04-58C0-40FA-874D-E7A38450F7F5} = {CA714059-AF8E-4409-8178-556273BEDA73}
		{B6F58430-C7DB-4291-A216-7EEC3F52AEEA} = {CE3AAD04-58C0-40FA-874D-E7A38450F7F5}
		{BD74A42A-8884-4AEE-B469-D4A56FFFB959} = {CA714059-AF8E-4409-8178-556273BEDA73}
		{74FB36C7-90B1-45AB-94F3-28D95E34A832} = {BD74A42A-8884-4AEE-B469-D4A56FFFB959}
		{AC98AD56-FA9A-4E6B-8A45-DFB1683F31E4} = {BD74A42A-8884-4AEE-B469-D4A56FFFB959}
		{8B0F0047-747F-4573-96F2-97103B13909E} = {CA714059-AF8E-4409-8178-556273BEDA73}
		{753E5901-A628-45A6-9667-036D93515B58} = {8B0F0047-747F-4573-96F2-97103B13909E}
		{E98BAB5C-CB87-44DF-A7C6-66563E70F07D} = {8B0F0047-747F-4573-96F2-97103B13909E}
		{C636C814-0D69-421A-9CBF-A5C8D624E0DB} = {8B0F0047-747F-4573-96F2-97103B13909E}
		{66433559-42AE-4510-9739-30C507610E9D} = {8B0F0047-747F-4573-96F2-97103B13909E}
	EndGlobalSection
	GlobalSection(ExtensibilityGlobals) = postSolution
		SolutionGuid = {943926A3-46A3-4CB4-AC98-6ED6D7D15A26}
	EndGlobalSection
EndGlobal
